Microsoft Visual Studio Solution File, Format Version 12.00
# Visual Studio Version 17
VisualStudioVersion = 17.5.2.0
MinimumVisualStudioVersion = 10.0.40219.1
Project("{FAE04EC0-301F-11D3-BF4B-00C04F79EFBC}") = "SpinlifeTestTest", "SpinlifeTest.csproj", "{D7D52D94-67D5-657C-5A71-C0204743F0BE}"
EndProject
Global
	GlobalSection(SolutionConfigurationPlatforms) = preSolution
		Debug|Any CPU = Debug|Any CPU
		Release|Any CPU = Release|Any CPU
	EndGlobalSection
	GlobalSection(ProjectConfigurationPlatforms) = postSolution
		{D7D52D94-67D5-657C-5A71-C0204743F0BE}.Debug|Any CPU.ActiveCfg = Debug|Any CPU
		{D7D52D94-67D5-657C-5A71-C0204743F0BE}.Debug|Any CPU.Build.0 = Debug|Any CPU
		{D7D52D94-67D5-657C-5A71-C0204743F0BE}.Release|Any CPU.ActiveCfg = Release|Any CPU
		{D7D52D94-67D5-657C-5A71-C0204743F0BE}.Release|Any CPU.Build.0 = Release|Any CPU
	EndGlobalSection
	GlobalSection(SolutionProperties) = preSolution
		HideSolutionNode = FALSE
	EndGlobalSection
	GlobalSection(ExtensibilityGlobals) = postSolution
		SolutionGuid = {AFFB11B6-DFC5-4682-9572-5CBF9458E9FB}
	EndGlobalSection
EndGlobal
